
Microsoft Visual Studio Solution File, Format Version 12.00
# Visual Studio 15
VisualStudioVersion = 15.0.28307.271
MinimumVisualStudioVersion = 10.0.40219.1
Project("{FAE04EC0-301F-11D3-BF4B-00C04F79EFBC}") = "CodeRefactoring1", "CodeRefactoring1\CodeRefactoring1\CodeRefactoring1.csproj", "{A69C2604-78EE-428E-8E65-8539D0CDBFAA}"
EndProject
Project("{FAE04EC0-301F-11D3-BF4B-00C04F79EFBC}") = "CodeRefactoring1.Vsix", "CodeRefactoring1\CodeRefactoring1.Vsix\CodeRefactoring1.Vsix.csproj", "{F5BA5321-8C1E-4F22-96BB-1E1507EFEFFB}"
EndProject
Global
	GlobalSection(SolutionConfigurationPlatforms) = preSolution
		Debug|Any CPU = Debug|Any CPU
		Release|Any CPU = Release|Any CPU
	EndGlobalSection
	GlobalSection(ProjectConfigurationPlatforms) = postSolution
		{A69C2604-78EE-428E-8E65-8539D0CDBFAA}.Debug|Any CPU.ActiveCfg = Debug|Any CPU
		{A69C2604-78EE-428E-8E65-8539D0CDBFAA}.Debug|Any CPU.Build.0 = Debug|Any CPU
		{A69C2604-78EE-428E-8E65-8539D0CDBFAA}.Release|Any CPU.ActiveCfg = Release|Any CPU
		{A69C2604-78EE-428E-8E65-8539D0CDBFAA}.Release|Any CPU.Build.0 = Release|Any CPU
		{F5BA5321-8C1E-4F22-96BB-1E1507EFEFFB}.Debug|Any CPU.ActiveCfg = Debug|Any CPU
		{F5BA5321-8C1E-4F22-96BB-1E1507EFEFFB}.Debug|Any CPU.Build.0 = Debug|Any CPU
		{F5BA5321-8C1E-4F22-96BB-1E1507EFEFFB}.Release|Any CPU.ActiveCfg = Release|Any CPU
		{F5BA5321-8C1E-4F22-96BB-1E1507EFEFFB}.Release|Any CPU.Build.0 = Release|Any CPU
	EndGlobalSection
	GlobalSection(SolutionProperties) = preSolution
		HideSolutionNode = FALSE
	EndGlobalSection
	GlobalSection(ExtensibilityGlobals) = postSolution
		SolutionGuid = {70FCC0E5-2A79-4FC1-B960-80935E2D8536}
	EndGlobalSection
EndGlobal
